
Microsoft Visual Studio Solution File, Format Version 12.00
# Visual Studio 15
Project("{FAE04EC0-301F-11D3-BF4B-00C04F79EFBC}") = "Assembly-CSharp", "Assembly-CSharp.csproj", "{F4C65AEA-DB70-73D3-8FAF-CADF2A96F6D8}"
EndProject
Project("{FAE04EC0-301F-11D3-BF4B-00C04F79EFBC}") = "Assembly-CSharp-firstpass", "Assembly-CSharp-firstpass.csproj", "{5AFD372C-8C6B-F823-9684-E5F25B2D90CD}"
EndProject
Project("{FAE04EC0-301F-11D3-BF4B-00C04F79EFBC}") = "Assembly-CSharp-Editor", "Assembly-CSharp-Editor.csproj", "{F7991CDF-46BD-B24E-D0DC-B6361E339E57}"
EndProject
Project("{FAE04EC0-301F-11D3-BF4B-00C04F79EFBC}") = "Assembly-CSharp-Editor-firstpass", "Assembly-CSharp-Editor-firstpass.csproj", "{6C1DADBF-7715-00AE-8CF3-182212DE1A29}"
EndProject
Global
	GlobalSection(SolutionConfigurationPlatforms) = preSolution
		Debug|Any CPU = Debug|Any CPU
		Release|Any CPU = Release|Any CPU
	EndGlobalSection
	GlobalSection(ProjectConfigurationPlatforms) = postSolution
		{F4C65AEA-DB70-73D3-8FAF-CADF2A96F6D8}.Debug|Any CPU.ActiveCfg = Debug|Any CPU
		{F4C65AEA-DB70-73D3-8FAF-CADF2A96F6D8}.Debug|Any CPU.Build.0 = Debug|Any CPU
		{F4C65AEA-DB70-73D3-8FAF-CADF2A96F6D8}.Release|Any CPU.ActiveCfg = Release|Any CPU
		{F4C65AEA-DB70-73D3-8FAF-CADF2A96F6D8}.Release|Any CPU.Build.0 = Release|Any CPU
		{5AFD372C-8C6B-F823-9684-E5F25B2D90CD}.Debug|Any CPU.ActiveCfg = Debug|Any CPU
		{5AFD372C-8C6B-F823-9684-E5F25B2D90CD}.Debug|Any CPU.Build.0 = Debug|Any CPU
		{5AFD372C-8C6B-F823-9684-E5F25B2D90CD}.Release|Any CPU.ActiveCfg = Release|Any CPU
		{5AFD372C-8C6B-F823-9684-E5F25B2D90CD}.Release|Any CPU.Build.0 = Release|Any CPU
		{F7991CDF-46BD-B24E-D0DC-B6361E339E57}.Debug|Any CPU.ActiveCfg = Debug|Any CPU
		{F7991CDF-46BD-B24E-D0DC-B6361E339E57}.Debug|Any CPU.Build.0 = Debug|Any CPU
		{F7991CDF-46BD-B24E-D0DC-B6361E339E57}.Release|Any CPU.ActiveCfg = Release|Any CPU
		{F7991CDF-46BD-B24E-D0DC-B6361E339E57}.Release|Any CPU.Build.0 = Release|Any CPU
		{6C1DADBF-7715-00AE-8CF3-182212DE1A29}.Debug|Any CPU.ActiveCfg = Debug|Any CPU
		{6C1DADBF-7715-00AE-8CF3-182212DE1A29}.Debug|Any CPU.Build.0 = Debug|Any CPU
		{6C1DADBF-7715-00AE-8CF3-182212DE1A29}.Release|Any CPU.ActiveCfg = Release|Any CPU
		{6C1DADBF-7715-00AE-8CF3-182212DE1A29}.Release|Any CPU.Build.0 = Release|Any CPU
	EndGlobalSection
	GlobalSection(SolutionProperties) = preSolution
		HideSolutionNode = FALSE
	EndGlobalSection
EndGlobal
